schema: '2.0'
stages:
  preprocess1:
    cmd: python preprocess2.py
    deps:
    - path: preprocess2.py
      hash: md5
      md5: 55180ff00cc347267776334b42422dd4
      size: 1246
    outs:
    - path: data/test2.csv
      hash: md5
      md5: 080c3db6235e46c28f93cf36368f9896
      size: 2089
    - path: data/train2.csv
      hash: md5
      md5: 9d4831a53d8c5d6d10edac32f1fdc9ba
      size: 8059
  train1:
    cmd: python train2.py
    deps:
    - path: data/train2.csv
      hash: md5
      md5: 9d4831a53d8c5d6d10edac32f1fdc9ba
      size: 8059
    - path: train2.py
      hash: md5
      md5: 32474521fb47a9b56af5d55a6d137169
      size: 653
    outs:
    - path: models/model2.pkl
      hash: md5
      md5: dd0e00c071ae5a7ee65139029578b575
      size: 1054
  validate:
    cmd: python validate2.py
    deps:
    - path: data/test2.csv
      hash: md5
      md5: 080c3db6235e46c28f93cf36368f9896
      size: 2089
    - path: models/model2.pkl
      hash: md5
      md5: e44cbb15de41eb38057082a7ebbf6ee9
      size: 282819
    - path: validate2.py
      hash: md5
      md5: b9bb9196d83e0f821d380e2f14ffd798
      size: 1184
    outs:
    - path: confusion_matrix2.png
      hash: md5
      md5: edee0e68aff0e96e1b5c9fafdcddffdb
      size: 15734
    - path: metrics2.json
      hash: md5
      md5: 9a0379eaa11dd7b9e9995a62a5f21656
      size: 17
  preprocess:
    cmd: python preprocess2.py
    deps:
    - path: preprocess2.py
      hash: md5
      md5: 55180ff00cc347267776334b42422dd4
      size: 1246
    outs:
    - path: data/test2.csv
      hash: md5
      md5: 080c3db6235e46c28f93cf36368f9896
      size: 2089
    - path: data/train2.csv
      hash: md5
      md5: 9d4831a53d8c5d6d10edac32f1fdc9ba
      size: 8059
  train:
    cmd: python train2.py
    deps:
    - path: data/train2.csv
      hash: md5
      md5: 9d4831a53d8c5d6d10edac32f1fdc9ba
      size: 8059
    - path: train2.py
      hash: md5
      md5: 572b2f7e11f9c169f5b2489bee5e3654
      size: 642
    outs:
    - path: models/model2.pkl
      hash: md5
      md5: e44cbb15de41eb38057082a7ebbf6ee9
      size: 282819
